// !$*UTF8*$!
{
	archiveVersion = 1;
	classes = {
	};
	objectVersion = 46;
	objects = {

/* Begin PBXBuildFile section */
		8EE8434B19CB50A900A4887F /* AppDelegate.swift in Sources */ = {isa = PBXBuildFile; fileRef = 8EE8434A19CB50A900A4887F /* AppDelegate.swift */; };
		8EE8435219CB50A900A4887F /* Images.xcassets in Resources */ = {isa = PBXBuildFile; fileRef = 8EE8435119CB50A900A4887F /* Images.xcassets */; };
		8EE8435519CB50A900A4887F /* LaunchScreen.xib in Resources */ = {isa = PBXBuildFile; fileRef = 8EE8435319CB50A900A4887F /* LaunchScreen.xib */; };
		8EE8436119CB50A900A4887F /* CodeOnlyTests.swift in Sources */ = {isa = PBXBuildFile; fileRef = 8EE8436019CB50A900A4887F /* CodeOnlyTests.swift */; };
		8EE8436C19CB52DD00A4887F /* YellowViewController.swift in Sources */ = {isa = PBXBuildFile; fileRef = 8EE8436B19CB52DD00A4887F /* YellowViewController.swift */; };
		8EE8436E19CB5E7600A4887F /* OrangeViewController.swift in Sources */ = {isa = PBXBuildFile; fileRef = 8EE8436D19CB5E7600A4887F /* OrangeViewController.swift */; };
/* End PBXBuildFile section */

/* Begin PBXContainerItemProxy section */
		8EE8435B19CB50A900A4887F /* PBXContainerItemProxy */ = {
			isa = PBXContainerItemProxy;
			containerPortal = 8EE8433D19CB50A900A4887F /* Project object */;
			proxyType = 1;
			remoteGlobalIDString = 8EE8434419CB50A900A4887F;
			remoteInfo = CodeOnly;
		};
/* End PBXContainerItemProxy section */

/* Begin PBXFileReference section */
		8EE8434519CB50A900A4887F /* CodeOnly.app */ = {isa = PBXFileReference; explicitFileType = wrapper.application; includeInIndex = 0; path = CodeOnly.app; sourceTree = BUILT_PRODUCTS_DIR; };
		8EE8434919CB50A900A4887F /* Info.plist */ = {isa = PBXFileReference; lastKnownFileType = text.plist.xml; path = Info.plist; sourceTree = "<group>"; };
		8EE8434A19CB50A900A4887F /* AppDelegate.swift */ = {isa = PBXFileReference; lastKnownFileType = sourcecode.swift; path = AppDelegate.swift; sourceTree = "<group>"; };
		8EE8435119CB50A900A4887F /* Images.xcassets */ = {isa = PBXFileReference; lastKnownFileType = folder.assetcatalog; path = Images.xcassets; sourceTree = "<group>"; };
		8EE8435419CB50A900A4887F /* Base */ = {isa = PBXFileReference; lastKnownFileType = file.xib; name = Base; path = Base.lproj/LaunchScreen.xib; sourceTree = "<group>"; };
		8EE8435A19CB50A900A4887F /* CodeOnlyTests.xctest */ = {isa = PBXFileReference; explicitFileType = wrapper.cfbundle; includeInIndex = 0; path = CodeOnlyTests.xctest; sourceTree = BUILT_PRODUCTS_DIR; };
		8EE8435F19CB50A900A4887F /* Info.plist */ = {isa = PBXFileReference; lastKnownFileType = text.plist.xml; path = Info.plist; sourceTree = "<group>"; };
		8EE8436019CB50A900A4887F /* CodeOnlyTests.swift */ = {isa = PBXFileReference; lastKnownFileType = sourcecode.swift; path = CodeOnlyTests.swift; sourceTree = "<group>"; };
		8EE8436B19CB52DD00A4887F /* YellowViewController.swift */ = {isa = PBXFileReference; fileEncoding = 4; lastKnownFileType = sourcecode.swift; name = YellowViewController.swift; path = "View Controllers/YellowViewController.swift"; sourceTree = "<group>"; };
		8EE8436D19CB5E7600A4887F /* OrangeViewController.swift */ = {isa = PBXFileReference; fileEncoding = 4; lastKnownFileType = sourcecode.swift; name = OrangeViewController.swift; path = "View Controllers/OrangeViewController.swift"; sourceTree = "<group>"; };
/* End PBXFileReference section */

/* Begin PBXFrameworksBuildPhase section */
		8EE8434219CB50A900A4887F /* Frameworks */ = {
			isa = PBXFrameworksBuildPhase;
			buildActionMask = 2147483647;
			files = (
			);
			runOnlyForDeploymentPostprocessing = 0;
		};
		8EE8435719CB50A900A4887F /* Frameworks */ = {
			isa = PBXFrameworksBuildPhase;
			buildActionMask = 2147483647;
			files = (
			);
			runOnlyForDeploymentPostprocessing = 0;
		};
/* End PBXFrameworksBuildPhase section */

/* Begin PBXGroup section */
		8EE8433C19CB50A900A4887F = {
			isa = PBXGroup;
			children = (
				8EE8434719CB50A900A4887F /* CodeOnly */,
				8EE8435D19CB50A900A4887F /* CodeOnlyTests */,
				8EE8434619CB50A900A4887F /* Products */,
			);
			sourceTree = "<group>";
		};
		8EE8434619CB50A900A4887F /* Products */ = {
			isa = PBXGroup;
			children = (
				8EE8434519CB50A900A4887F /* CodeOnly.app */,
				8EE8435A19CB50A900A4887F /* CodeOnlyTests.xctest */,
			);
			name = Products;
			sourceTree = "<group>";
		};
		8EE8434719CB50A900A4887F /* CodeOnly */ = {
			isa = PBXGroup;
			children = (
				8EE8436A19CB52BC00A4887F /* View Controllers */,
				8EE8434A19CB50A900A4887F /* AppDelegate.swift */,
				8EE8435119CB50A900A4887F /* Images.xcassets */,
				8EE8434819CB50A900A4887F /* Supporting Files */,
			);
			path = CodeOnly;
			sourceTree = "<group>";
		};
		8EE8434819CB50A900A4887F /* Supporting Files */ = {
			isa = PBXGroup;
			children = (
				8EE8435319CB50A900A4887F /* LaunchScreen.xib */,
				8EE8434919CB50A900A4887F /* Info.plist */,
			);
			name = "Supporting Files";
			sourceTree = "<group>";
		};
		8EE8435D19CB50A900A4887F /* CodeOnlyTests */ = {
			isa = PBXGroup;
			children = (
				8EE8436019CB50A900A4887F /* CodeOnlyTests.swift */,
				8EE8435E19CB50A900A4887F /* Supporting Files */,
			);
			path = CodeOnlyTests;
			sourceTree = "<group>";
		};
		8EE8435E19CB50A900A4887F /* Supporting Files */ = {
			isa = PBXGroup;
			children = (
				8EE8435F19CB50A900A4887F /* Info.plist */,
			);
			name = "Supporting Files";
			sourceTree = "<group>";
		};
		8EE8436A19CB52BC00A4887F /* View Controllers */ = {
			isa = PBXGroup;
			children = (
				8EE8436B19CB52DD00A4887F /* YellowViewController.swift */,
				8EE8436D19CB5E7600A4887F /* OrangeViewController.swift */,
			);
			name = "View Controllers";
			sourceTree = "<group>";
		};
/* End PBXGroup section */

/* Begin PBXNativeTarget section */
		8EE8434419CB50A900A4887F /* CodeOnly */ = {
			isa = PBXNativeTarget;
			buildConfigurationList = 8EE8436419CB50A900A4887F /* Build configuration list for PBXNativeTarget "CodeOnly" */;
			buildPhases = (
				8EE8434119CB50A900A4887F /* Sources */,
				8EE8434219CB50A900A4887F /* Frameworks */,
				8EE8434319CB50A900A4887F /* Resources */,
			);
			buildRules = (
			);
			dependencies = (
			);
			name = CodeOnly;
			productName = CodeOnly;
			productReference = 8EE8434519CB50A900A4887F /* CodeOnly.app */;
			productType = "com.apple.product-type.application";
		};
		8EE8435919CB50A900A4887F /* CodeOnlyTests */ = {
			isa = PBXNativeTarget;
			buildConfigurationList = 8EE8436719CB50A900A4887F /* Build configuration list for PBXNativeTarget "CodeOnlyTests" */;
			buildPhases = (
				8EE8435619CB50A900A4887F /* Sources */,
				8EE8435719CB50A900A4887F /* Frameworks */,
				8EE8435819CB50A900A4887F /* Resources */,
			);
			buildRules = (
			);
			dependencies = (
				8EE8435C19CB50A900A4887F /* PBXTargetDependency */,
			);
			name = CodeOnlyTests;
			productName = CodeOnlyTests;
			productReference = 8EE8435A19CB50A900A4887F /* CodeOnlyTests.xctest */;
			productType = "com.apple.product-type.bundle.unit-test";
		};
/* End PBXNativeTarget section */

/* Begin PBXProject section */
		8EE8433D19CB50A900A4887F /* Project object */ = {
			isa = PBXProject;
			attributes = {
				LastUpgradeCheck = 0600;
				ORGANIZATIONNAME = "Tyten LLC";
				TargetAttributes = {
					8EE8434419CB50A900A4887F = {
						CreatedOnToolsVersion = 6.0;
					};
					8EE8435919CB50A900A4887F = {
						CreatedOnToolsVersion = 6.0;
						TestTargetID = 8EE8434419CB50A900A4887F;
					};
				};
			};
			buildConfigurationList = 8EE8434019CB50A900A4887F /* Build configuration list for PBXProject "CodeOnly" */;
			compatibilityVersion = "Xcode 3.2";
			developmentRegion = English;
			hasScannedForEncodings = 0;
			knownRegions = (
				en,
				Base,
			);
			mainGroup = 8EE8433C19CB50A900A4887F;
			productRefGroup = 8EE8434619CB50A900A4887F /* Products */;
			projectDirPath = "";
			projectRoot = "";
			targets = (
				8EE8434419CB50A900A4887F /* CodeOnly */,
				8EE8435919CB50A900A4887F /* CodeOnlyTests */,
			);
		};
/* End PBXProject section */

/* Begin PBXResourcesBuildPhase section */
		8EE8434319CB50A900A4887F /* Resources */ = {
			isa = PBXResourcesBuildPhase;
			buildActionMask = 2147483647;
			files = (
				8EE8435519CB50A900A4887F /* LaunchScreen.xib in Resources */,
				8EE8435219CB50A900A4887F /* Images.xcassets in Resources */,
			);
			runOnlyForDeploymentPostprocessing = 0;
		};
		8EE8435819CB50A900A4887F /* Resources */ = {
			isa = PBXResourcesBuildPhase;
			buildActionMask = 2147483647;
			files = (
			);
			runOnlyForDeploymentPostprocessing = 0;
		};
/* End PBXResourcesBuildPhase section */

/* Begin PBXSourcesBuildPhase section */
		8EE8434119CB50A900A4887F /* Sources */ = {
			isa = PBXSourcesBuildPhase;
			buildActionMask = 2147483647;
			files = (
				8EE8436C19CB52DD00A4887F /* YellowViewController.swift in Sources */,
				8EE8434B19CB50A900A4887F /* AppDelegate.swift in Sources */,
				8EE8436E19CB5E7600A4887F /* OrangeViewController.swift in Sources */,
			);
			runOnlyForDeploymentPostprocessing = 0;
		};
		8EE8435619CB50A900A4887F /* Sources */ = {
			isa = PBXSourcesBuildPhase;
			buildActionMask = 2147483647;
			files = (
				8EE8436119CB50A900A4887F /* CodeOnlyTests.swift in Sources */,
			);
			runOnlyForDeploymentPostprocessing = 0;
		};
/* End PBXSourcesBuildPhase section */

/* Begin PBXTargetDependency section */
		8EE8435C19CB50A900A4887F /* PBXTargetDependency */ = {
			isa = PBXTargetDependency;
			target = 8EE8434419CB50A900A4887F /* CodeOnly */;
			targetProxy = 8EE8435B19CB50A900A4887F /* PBXContainerItemProxy */;
		};
/* End PBXTargetDependency section */

/* Begin PBXVariantGroup section */
		8EE8435319CB50A900A4887F /* LaunchScreen.xib */ = {
			isa = PBXVariantGroup;
			children = (
				8EE8435419CB50A900A4887F /* Base */,
			);
			name = LaunchScreen.xib;
			sourceTree = "<group>";
		};
/* End PBXVariantGroup section */

/* Begin XCBuildConfiguration section */
		8EE8436219CB50A900A4887F /* Debug */ = {
			isa = XCBuildConfiguration;
			buildSettings = {
				ALWAYS_SEARCH_USER_PATHS = NO;
				CLANG_CXX_LANGUAGE_STANDARD = "gnu++0x";
				CLANG_CXX_LIBRARY = "libc++";
				CLANG_ENABLE_MODULES = YES;
				CLANG_ENABLE_OBJC_ARC = YES;
				CLANG_WARN_BOOL_CONVERSION = YES;
				CLANG_WARN_CONSTANT_CONVERSION = YES;
				CLANG_WARN_DIRECT_OBJC_ISA_USAGE = YES_ERROR;
				CLANG_WARN_EMPTY_BODY = YES;
				CLANG_WARN_ENUM_CONVERSION = YES;
				CLANG_WARN_INT_CONVERSION = YES;
				CLANG_WARN_OBJC_ROOT_CLASS = YES_ERROR;
				CLANG_WARN_UNREACHABLE_CODE = YES;
				CLANG_WARN__DUPLICATE_METHOD_MATCH = YES;
				"CODE_SIGN_IDENTITY[sdk=iphoneos*]" = "iPhone Developer";
				COPY_PHASE_STRIP = NO;
				ENABLE_STRICT_OBJC_MSGSEND = YES;
				GCC_C_LANGUAGE_STANDARD = gnu99;
				GCC_DYNAMIC_NO_PIC = NO;
				GCC_OPTIMIZATION_LEVEL = 0;
				GCC_PREPROCESSOR_DEFINITIONS = (
					"DEBUG=1",
					"$(inherited)",
				);
				GCC_SYMBOLS_PRIVATE_EXTERN = NO;
				GCC_WARN_64_TO_32_BIT_CONVERSION = YES;
				GCC_WARN_ABOUT_RETURN_TYPE = YES_ERROR;
				GCC_WARN_UNDECLARED_SELECTOR = YES;
				GCC_WARN_UNINITIALIZED_AUTOS = YES_AGGRESSIVE;
				GCC_WARN_UNUSED_FUNCTION = YES;
				GCC_WARN_UNUSED_VARIABLE = YES;
				IPHONEOS_DEPLOYMENT_TARGET = 8.0;
				MTL_ENABLE_DEBUG_INFO = YES;
				ONLY_ACTIVE_ARCH = YES;
				SDKROOT = iphoneos;
				SWIFT_OPTIMIZATION_LEVEL = "-Onone";
			};
			name = Debug;
		};
		8EE8436319CB50A900A4887F /* Release */ = {
			isa = XCBuildConfiguration;
			buildSettings = {
				ALWAYS_SEARCH_USER_PATHS = NO;
				CLANG_CXX_LANGUAGE_STANDARD = "gnu++0x";
				CLANG_CXX_LIBRARY = "libc++";
				CLANG_ENABLE_MODULES = YES;
				CLANG_ENABLE_OBJC_ARC = YES;
				CLANG_WARN_BOOL_CONVERSION = YES;
				CLANG_WARN_CONSTANT_CONVERSION = YES;
				CLANG_WARN_DIRECT_OBJC_ISA_USAGE = YES_ERROR;
				CLANG_WARN_EMPTY_BODY = YES;
				CLANG_WARN_ENUM_CONVERSION = YES;
				CLANG_WARN_INT_CONVERSION = YES;
				CLANG_WARN_OBJC_ROOT_CLASS = YES_ERROR;
				CLANG_WARN_UNREACHABLE_CODE = YES;
				CLANG_WARN__DUPLICATE_METHOD_MATCH = YES;
				"CODE_SIGN_IDENTITY[sdk=iphoneos*]" = "iPhone Developer";
				COPY_PHASE_STRIP = YES;
				ENABLE_NS_ASSERTIONS = NO;
				ENABLE_STRICT_OBJC_MSGSEND = YES;
				GCC_C_LANGUAGE_STANDARD = gnu99;
				GCC_WARN_64_TO_32_BIT_CONVERSION = YES;
				GCC_WARN_ABOUT_RETURN_TYPE = YES_ERROR;
				GCC_WARN_UNDECLARED_SELECTOR = YES;
				GCC_WARN_UNINITIALIZED_AUTOS = YES_AGGRESSIVE;
				GCC_WARN_UNUSED_FUNCTION = YES;
				GCC_WARN_UNUSED_VARIABLE = YES;
				IPHONEOS_DEPLOYMENT_TARGET = 8.0;
				MTL_ENABLE_DEBUG_INFO = NO;
				SDKROOT = iphoneos;
				VALIDATE_PRODUCT = YES;
			};
			name = Release;
		};
		8EE8436519CB50A900A4887F /* Debug */ = {
			isa = XCBuildConfiguration;
			buildSettings = {
				ASSETCATALOG_COMPILER_APPICON_NAME = AppIcon;
				INFOPLIST_FILE = CodeOnly/Info.plist;
				LD_RUNPATH_SEARCH_PATHS = "$(inherited) @executable_path/Frameworks";
				PRODUCT_NAME = "$(TARGET_NAME)";
			};
			name = Debug;
		};
		8EE8436619CB50A900A4887F /* Release */ = {
			isa = XCBuildConfiguration;
			buildSettings = {
				ASSETCATALOG_COMPILER_APPICON_NAME = AppIcon;
				INFOPLIST_FILE = CodeOnly/Info.plist;
				LD_RUNPATH_SEARCH_PATHS = "$(inherited) @executable_path/Frameworks";
				PRODUCT_NAME = "$(TARGET_NAME)";
			};
			name = Release;
		};
		8EE8436819CB50A900A4887F /* Debug */ = {
			isa = XCBuildConfiguration;
			buildSettings = {
				BUNDLE_LOADER = "$(TEST_HOST)";
				FRAMEWORK_SEARCH_PATHS = (
					"$(SDKROOT)/Developer/Library/Frameworks",
					"$(inherited)",
				);
				GCC_PREPROCESSOR_DEFINITIONS = (
					"DEBUG=1",
					"$(inherited)",
				);
				INFOPLIST_FILE = CodeOnlyTests/Info.plist;
				LD_RUNPATH_SEARCH_PATHS = "$(inherited) @executable_path/Frameworks @loader_path/Frameworks";
				PRODUCT_NAME = "$(TARGET_NAME)";
				TEST_HOST = "$(BUILT_PRODUCTS_DIR)/CodeOnly.app/CodeOnly";
			};
			name = Debug;
		};
		8EE8436919CB50A900A4887F /* Release */ = {
			isa = XCBuildConfiguration;
			buildSettings = {
				BUNDLE_LOADER = "$(TEST_HOST)";
				FRAMEWORK_SEARCH_PATHS = (
					"$(SDKROOT)/Developer/Library/Frameworks",
					"$(inherited)",
				);
				INFOPLIST_FILE = CodeOnlyTests/Info.plist;
				LD_RUNPATH_SEARCH_PATHS = "$(inherited) @executable_path/Frameworks @loader_path/Frameworks";
				PRODUCT_NAME = "$(TARGET_NAME)";
				TEST_HOST = "$(BUILT_PRODUCTS_DIR)/CodeOnly.app/CodeOnly";
			};
			name = Release;
		};
/* End XCBuildConfiguration section */

/* Begin XCConfigurationList section */
		8EE8434019CB50A900A4887F /* Build configuration list for PBXProject "CodeOnly" */ = {
			isa = XCConfigurationList;
			buildConfigurations = (
				8EE8436219CB50A900A4887F /* Debug */,
				8EE8436319CB50A900A4887F /* Release */,
			);
			defaultConfigurationIsVisible = 0;
			defaultConfigurationName = Release;
		};
		8EE8436419CB50A900A4887F /* Build configuration list for PBXNativeTarget "CodeOnly" */ = {
			isa = XCConfigurationList;
			buildConfigurations = (
				8EE8436519CB50A900A4887F /* Debug */,
				8EE8436619CB50A900A4887F /* Release */,
			);
			defaultConfigurationIsVisible = 0;
		};
		8EE8436719CB50A900A4887F /* Build configuration list for PBXNativeTarget "CodeOnlyTests" */ = {
			isa = XCConfigurationList;
			buildConfigurations = (
				8EE8436819CB50A900A4887F /* Debug */,
				8EE8436919CB50A900A4887F /* Release */,
			);
			defaultConfigurationIsVisible = 0;
		};
/* End XCConfigurationList section */
	};
	rootObject = 8EE8433D19CB50A900A4887F /* Project object */;
}
