// !$*UTF8*$!
{
	archiveVersion = 1;
	classes = {
	};
	objectVersion = 46;
	objects = {

/* Begin PBXBuildFile section */
		8E9A469B19D492AE00093F38 /* main.m in Sources */ = {isa = PBXBuildFile; fileRef = 8E9A469A19D492AE00093F38 /* main.m */; };
		8E9A469E19D492AE00093F38 /* AppDelegate.m in Sources */ = {isa = PBXBuildFile; fileRef = 8E9A469D19D492AE00093F38 /* AppDelegate.m */; };
		8E9A46A119D492AE00093F38 /* ViewController.m in Sources */ = {isa = PBXBuildFile; fileRef = 8E9A46A019D492AE00093F38 /* ViewController.m */; };
		8E9A46A419D492AE00093F38 /* Main.storyboard in Resources */ = {isa = PBXBuildFile; fileRef = 8E9A46A219D492AE00093F38 /* Main.storyboard */; };
		8E9A46A619D492AE00093F38 /* Images.xcassets in Resources */ = {isa = PBXBuildFile; fileRef = 8E9A46A519D492AE00093F38 /* Images.xcassets */; };
		8E9A46A919D492AE00093F38 /* LaunchScreen.xib in Resources */ = {isa = PBXBuildFile; fileRef = 8E9A46A719D492AE00093F38 /* LaunchScreen.xib */; };
		8E9A46B519D492AE00093F38 /* ObjC102Tests.m in Sources */ = {isa = PBXBuildFile; fileRef = 8E9A46B419D492AE00093F38 /* ObjC102Tests.m */; };
/* End PBXBuildFile section */

/* Begin PBXContainerItemProxy section */
		8E9A46AF19D492AE00093F38 /* PBXContainerItemProxy */ = {
			isa = PBXContainerItemProxy;
			containerPortal = 8E9A468D19D492AE00093F38 /* Project object */;
			proxyType = 1;
			remoteGlobalIDString = 8E9A469419D492AE00093F38;
			remoteInfo = ObjC102;
		};
/* End PBXContainerItemProxy section */

/* Begin PBXFileReference section */
		8E9A469519D492AE00093F38 /* ObjC102.app */ = {isa = PBXFileReference; explicitFileType = wrapper.application; includeInIndex = 0; path = ObjC102.app; sourceTree = BUILT_PRODUCTS_DIR; };
		8E9A469919D492AE00093F38 /* Info.plist */ = {isa = PBXFileReference; lastKnownFileType = text.plist.xml; path = Info.plist; sourceTree = "<group>"; };
		8E9A469A19D492AE00093F38 /* main.m */ = {isa = PBXFileReference; lastKnownFileType = sourcecode.c.objc; path = main.m; sourceTree = "<group>"; };
		8E9A469C19D492AE00093F38 /* AppDelegate.h */ = {isa = PBXFileReference; lastKnownFileType = sourcecode.c.h; path = AppDelegate.h; sourceTree = "<group>"; };
		8E9A469D19D492AE00093F38 /* AppDelegate.m */ = {isa = PBXFileReference; lastKnownFileType = sourcecode.c.objc; path = AppDelegate.m; sourceTree = "<group>"; };
		8E9A469F19D492AE00093F38 /* ViewController.h */ = {isa = PBXFileReference; lastKnownFileType = sourcecode.c.h; path = ViewController.h; sourceTree = "<group>"; };
		8E9A46A019D492AE00093F38 /* ViewController.m */ = {isa = PBXFileReference; lastKnownFileType = sourcecode.c.objc; path = ViewController.m; sourceTree = "<group>"; };
		8E9A46A319D492AE00093F38 /* Base */ = {isa = PBXFileReference; lastKnownFileType = file.storyboard; name = Base; path = Base.lproj/Main.storyboard; sourceTree = "<group>"; };
		8E9A46A519D492AE00093F38 /* Images.xcassets */ = {isa = PBXFileReference; lastKnownFileType = folder.assetcatalog; path = Images.xcassets; sourceTree = "<group>"; };
		8E9A46A819D492AE00093F38 /* Base */ = {isa = PBXFileReference; lastKnownFileType = file.xib; name = Base; path = Base.lproj/LaunchScreen.xib; sourceTree = "<group>"; };
		8E9A46AE19D492AE00093F38 /* ObjC102Tests.xctest */ = {isa = PBXFileReference; explicitFileType = wrapper.cfbundle; includeInIndex = 0; path = ObjC102Tests.xctest; sourceTree = BUILT_PRODUCTS_DIR; };
		8E9A46B319D492AE00093F38 /* Info.plist */ = {isa = PBXFileReference; lastKnownFileType = text.plist.xml; path = Info.plist; sourceTree = "<group>"; };
		8E9A46B419D492AE00093F38 /* ObjC102Tests.m */ = {isa = PBXFileReference; lastKnownFileType = sourcecode.c.objc; path = ObjC102Tests.m; sourceTree = "<group>"; };
/* End PBXFileReference section */

/* Begin PBXFrameworksBuildPhase section */
		8E9A469219D492AE00093F38 /* Frameworks */ = {
			isa = PBXFrameworksBuildPhase;
			buildActionMask = 2147483647;
			files = (
			);
			runOnlyForDeploymentPostprocessing = 0;
		};
		8E9A46AB19D492AE00093F38 /* Frameworks */ = {
			isa = PBXFrameworksBuildPhase;
			buildActionMask = 2147483647;
			files = (
			);
			runOnlyForDeploymentPostprocessing = 0;
		};
/* End PBXFrameworksBuildPhase section */

/* Begin PBXGroup section */
		8E9A468C19D492AE00093F38 = {
			isa = PBXGroup;
			children = (
				8E9A469719D492AE00093F38 /* ObjC102 */,
				8E9A46B119D492AE00093F38 /* ObjC102Tests */,
				8E9A469619D492AE00093F38 /* Products */,
			);
			sourceTree = "<group>";
		};
		8E9A469619D492AE00093F38 /* Products */ = {
			isa = PBXGroup;
			children = (
				8E9A469519D492AE00093F38 /* ObjC102.app */,
				8E9A46AE19D492AE00093F38 /* ObjC102Tests.xctest */,
			);
			name = Products;
			sourceTree = "<group>";
		};
		8E9A469719D492AE00093F38 /* ObjC102 */ = {
			isa = PBXGroup;
			children = (
				8E9A469C19D492AE00093F38 /* AppDelegate.h */,
				8E9A469D19D492AE00093F38 /* AppDelegate.m */,
				8E9A469F19D492AE00093F38 /* ViewController.h */,
				8E9A46A019D492AE00093F38 /* ViewController.m */,
				8E9A46A219D492AE00093F38 /* Main.storyboard */,
				8E9A46A519D492AE00093F38 /* Images.xcassets */,
				8E9A46A719D492AE00093F38 /* LaunchScreen.xib */,
				8E9A469819D492AE00093F38 /* Supporting Files */,
			);
			path = ObjC102;
			sourceTree = "<group>";
		};
		8E9A469819D492AE00093F38 /* Supporting Files */ = {
			isa = PBXGroup;
			children = (
				8E9A469919D492AE00093F38 /* Info.plist */,
				8E9A469A19D492AE00093F38 /* main.m */,
			);
			name = "Supporting Files";
			sourceTree = "<group>";
		};
		8E9A46B119D492AE00093F38 /* ObjC102Tests */ = {
			isa = PBXGroup;
			children = (
				8E9A46B419D492AE00093F38 /* ObjC102Tests.m */,
				8E9A46B219D492AE00093F38 /* Supporting Files */,
			);
			path = ObjC102Tests;
			sourceTree = "<group>";
		};
		8E9A46B219D492AE00093F38 /* Supporting Files */ = {
			isa = PBXGroup;
			children = (
				8E9A46B319D492AE00093F38 /* Info.plist */,
			);
			name = "Supporting Files";
			sourceTree = "<group>";
		};
/* End PBXGroup section */

/* Begin PBXNativeTarget section */
		8E9A469419D492AE00093F38 /* ObjC102 */ = {
			isa = PBXNativeTarget;
			buildConfigurationList = 8E9A46B819D492AE00093F38 /* Build configuration list for PBXNativeTarget "ObjC102" */;
			buildPhases = (
				8E9A469119D492AE00093F38 /* Sources */,
				8E9A469219D492AE00093F38 /* Frameworks */,
				8E9A469319D492AE00093F38 /* Resources */,
			);
			buildRules = (
			);
			dependencies = (
			);
			name = ObjC102;
			productName = ObjC102;
			productReference = 8E9A469519D492AE00093F38 /* ObjC102.app */;
			productType = "com.apple.product-type.application";
		};
		8E9A46AD19D492AE00093F38 /* ObjC102Tests */ = {
			isa = PBXNativeTarget;
			buildConfigurationList = 8E9A46BB19D492AE00093F38 /* Build configuration list for PBXNativeTarget "ObjC102Tests" */;
			buildPhases = (
				8E9A46AA19D492AE00093F38 /* Sources */,
				8E9A46AB19D492AE00093F38 /* Frameworks */,
				8E9A46AC19D492AE00093F38 /* Resources */,
			);
			buildRules = (
			);
			dependencies = (
				8E9A46B019D492AE00093F38 /* PBXTargetDependency */,
			);
			name = ObjC102Tests;
			productName = ObjC102Tests;
			productReference = 8E9A46AE19D492AE00093F38 /* ObjC102Tests.xctest */;
			productType = "com.apple.product-type.bundle.unit-test";
		};
/* End PBXNativeTarget section */

/* Begin PBXProject section */
		8E9A468D19D492AE00093F38 /* Project object */ = {
			isa = PBXProject;
			attributes = {
				LastUpgradeCheck = 0600;
				ORGANIZATIONNAME = "Tyten LLC";
				TargetAttributes = {
					8E9A469419D492AE00093F38 = {
						CreatedOnToolsVersion = 6.0.1;
					};
					8E9A46AD19D492AE00093F38 = {
						CreatedOnToolsVersion = 6.0.1;
						TestTargetID = 8E9A469419D492AE00093F38;
					};
				};
			};
			buildConfigurationList = 8E9A469019D492AE00093F38 /* Build configuration list for PBXProject "ObjC102" */;
			compatibilityVersion = "Xcode 3.2";
			developmentRegion = English;
			hasScannedForEncodings = 0;
			knownRegions = (
				en,
				Base,
			);
			mainGroup = 8E9A468C19D492AE00093F38;
			productRefGroup = 8E9A469619D492AE00093F38 /* Products */;
			projectDirPath = "";
			projectRoot = "";
			targets = (
				8E9A469419D492AE00093F38 /* ObjC102 */,
				8E9A46AD19D492AE00093F38 /* ObjC102Tests */,
			);
		};
/* End PBXProject section */

/* Begin PBXResourcesBuildPhase section */
		8E9A469319D492AE00093F38 /* Resources */ = {
			isa = PBXResourcesBuildPhase;
			buildActionMask = 2147483647;
			files = (
				8E9A46A419D492AE00093F38 /* Main.storyboard in Resources */,
				8E9A46A919D492AE00093F38 /* LaunchScreen.xib in Resources */,
				8E9A46A619D492AE00093F38 /* Images.xcassets in Resources */,
			);
			runOnlyForDeploymentPostprocessing = 0;
		};
		8E9A46AC19D492AE00093F38 /* Resources */ = {
			isa = PBXResourcesBuildPhase;
			buildActionMask = 2147483647;
			files = (
			);
			runOnlyForDeploymentPostprocessing = 0;
		};
/* End PBXResourcesBuildPhase section */

/* Begin PBXSourcesBuildPhase section */
		8E9A469119D492AE00093F38 /* Sources */ = {
			isa = PBXSourcesBuildPhase;
			buildActionMask = 2147483647;
			files = (
				8E9A46A119D492AE00093F38 /* ViewController.m in Sources */,
				8E9A469E19D492AE00093F38 /* AppDelegate.m in Sources */,
				8E9A469B19D492AE00093F38 /* main.m in Sources */,
			);
			runOnlyForDeploymentPostprocessing = 0;
		};
		8E9A46AA19D492AE00093F38 /* Sources */ = {
			isa = PBXSourcesBuildPhase;
			buildActionMask = 2147483647;
			files = (
				8E9A46B519D492AE00093F38 /* ObjC102Tests.m in Sources */,
			);
			runOnlyForDeploymentPostprocessing = 0;
		};
/* End PBXSourcesBuildPhase section */

/* Begin PBXTargetDependency section */
		8E9A46B019D492AE00093F38 /* PBXTargetDependency */ = {
			isa = PBXTargetDependency;
			target = 8E9A469419D492AE00093F38 /* ObjC102 */;
			targetProxy = 8E9A46AF19D492AE00093F38 /* PBXContainerItemProxy */;
		};
/* End PBXTargetDependency section */

/* Begin PBXVariantGroup section */
		8E9A46A219D492AE00093F38 /* Main.storyboard */ = {
			isa = PBXVariantGroup;
			children = (
				8E9A46A319D492AE00093F38 /* Base */,
			);
			name = Main.storyboard;
			sourceTree = "<group>";
		};
		8E9A46A719D492AE00093F38 /* LaunchScreen.xib */ = {
			isa = PBXVariantGroup;
			children = (
				8E9A46A819D492AE00093F38 /* Base */,
			);
			name = LaunchScreen.xib;
			sourceTree = "<group>";
		};
/* End PBXVariantGroup section */

/* Begin XCBuildConfiguration section */
		8E9A46B619D492AE00093F38 /* Debug */ = {
			isa = XCBuildConfiguration;
			buildSettings = {
				ALWAYS_SEARCH_USER_PATHS = NO;
				CLANG_CXX_LANGUAGE_STANDARD = "gnu++0x";
				CLANG_CXX_LIBRARY = "libc++";
				CLANG_ENABLE_MODULES = YES;
				CLANG_ENABLE_OBJC_ARC = YES;
				CLANG_WARN_BOOL_CONVERSION = YES;
				CLANG_WARN_CONSTANT_CONVERSION = YES;
				CLANG_WARN_DIRECT_OBJC_ISA_USAGE = YES_ERROR;
				CLANG_WARN_EMPTY_BODY = YES;
				CLANG_WARN_ENUM_CONVERSION = YES;
				CLANG_WARN_INT_CONVERSION = YES;
				CLANG_WARN_OBJC_ROOT_CLASS = YES_ERROR;
				CLANG_WARN_UNREACHABLE_CODE = YES;
				CLANG_WARN__DUPLICATE_METHOD_MATCH = YES;
				"CODE_SIGN_IDENTITY[sdk=iphoneos*]" = "iPhone Developer";
				COPY_PHASE_STRIP = NO;
				ENABLE_STRICT_OBJC_MSGSEND = YES;
				GCC_C_LANGUAGE_STANDARD = gnu99;
				GCC_DYNAMIC_NO_PIC = NO;
				GCC_OPTIMIZATION_LEVEL = 0;
				GCC_PREPROCESSOR_DEFINITIONS = (
					"DEBUG=1",
					"$(inherited)",
				);
				GCC_SYMBOLS_PRIVATE_EXTERN = NO;
				GCC_WARN_64_TO_32_BIT_CONVERSION = YES;
				GCC_WARN_ABOUT_RETURN_TYPE = YES_ERROR;
				GCC_WARN_UNDECLARED_SELECTOR = YES;
				GCC_WARN_UNINITIALIZED_AUTOS = YES_AGGRESSIVE;
				GCC_WARN_UNUSED_FUNCTION = YES;
				GCC_WARN_UNUSED_VARIABLE = YES;
				IPHONEOS_DEPLOYMENT_TARGET = 8.0;
				MTL_ENABLE_DEBUG_INFO = YES;
				ONLY_ACTIVE_ARCH = YES;
				SDKROOT = iphoneos;
			};
			name = Debug;
		};
		8E9A46B719D492AE00093F38 /* Release */ = {
			isa = XCBuildConfiguration;
			buildSettings = {
				ALWAYS_SEARCH_USER_PATHS = NO;
				CLANG_CXX_LANGUAGE_STANDARD = "gnu++0x";
				CLANG_CXX_LIBRARY = "libc++";
				CLANG_ENABLE_MODULES = YES;
				CLANG_ENABLE_OBJC_ARC = YES;
				CLANG_WARN_BOOL_CONVERSION = YES;
				CLANG_WARN_CONSTANT_CONVERSION = YES;
				CLANG_WARN_DIRECT_OBJC_ISA_USAGE = YES_ERROR;
				CLANG_WARN_EMPTY_BODY = YES;
				CLANG_WARN_ENUM_CONVERSION = YES;
				CLANG_WARN_INT_CONVERSION = YES;
				CLANG_WARN_OBJC_ROOT_CLASS = YES_ERROR;
				CLANG_WARN_UNREACHABLE_CODE = YES;
				CLANG_WARN__DUPLICATE_METHOD_MATCH = YES;
				"CODE_SIGN_IDENTITY[sdk=iphoneos*]" = "iPhone Developer";
				COPY_PHASE_STRIP = YES;
				ENABLE_NS_ASSERTIONS = NO;
				ENABLE_STRICT_OBJC_MSGSEND = YES;
				GCC_C_LANGUAGE_STANDARD = gnu99;
				GCC_WARN_64_TO_32_BIT_CONVERSION = YES;
				GCC_WARN_ABOUT_RETURN_TYPE = YES_ERROR;
				GCC_WARN_UNDECLARED_SELECTOR = YES;
				GCC_WARN_UNINITIALIZED_AUTOS = YES_AGGRESSIVE;
				GCC_WARN_UNUSED_FUNCTION = YES;
				GCC_WARN_UNUSED_VARIABLE = YES;
				IPHONEOS_DEPLOYMENT_TARGET = 8.0;
				MTL_ENABLE_DEBUG_INFO = NO;
				SDKROOT = iphoneos;
				VALIDATE_PRODUCT = YES;
			};
			name = Release;
		};
		8E9A46B919D492AE00093F38 /* Debug */ = {
			isa = XCBuildConfiguration;
			buildSettings = {
				ASSETCATALOG_COMPILER_APPICON_NAME = AppIcon;
				INFOPLIST_FILE = ObjC102/Info.plist;
				LD_RUNPATH_SEARCH_PATHS = "$(inherited) @executable_path/Frameworks";
				PRODUCT_NAME = "$(TARGET_NAME)";
			};
			name = Debug;
		};
		8E9A46BA19D492AE00093F38 /* Release */ = {
			isa = XCBuildConfiguration;
			buildSettings = {
				ASSETCATALOG_COMPILER_APPICON_NAME = AppIcon;
				INFOPLIST_FILE = ObjC102/Info.plist;
				LD_RUNPATH_SEARCH_PATHS = "$(inherited) @executable_path/Frameworks";
				PRODUCT_NAME = "$(TARGET_NAME)";
			};
			name = Release;
		};
		8E9A46BC19D492AE00093F38 /* Debug */ = {
			isa = XCBuildConfiguration;
			buildSettings = {
				BUNDLE_LOADER = "$(TEST_HOST)";
				FRAMEWORK_SEARCH_PATHS = (
					"$(SDKROOT)/Developer/Library/Frameworks",
					"$(inherited)",
				);
				GCC_PREPROCESSOR_DEFINITIONS = (
					"DEBUG=1",
					"$(inherited)",
				);
				INFOPLIST_FILE = ObjC102Tests/Info.plist;
				LD_RUNPATH_SEARCH_PATHS = "$(inherited) @executable_path/Frameworks @loader_path/Frameworks";
				PRODUCT_NAME = "$(TARGET_NAME)";
				TEST_HOST = "$(BUILT_PRODUCTS_DIR)/ObjC102.app/ObjC102";
			};
			name = Debug;
		};
		8E9A46BD19D492AE00093F38 /* Release */ = {
			isa = XCBuildConfiguration;
			buildSettings = {
				BUNDLE_LOADER = "$(TEST_HOST)";
				FRAMEWORK_SEARCH_PATHS = (
					"$(SDKROOT)/Developer/Library/Frameworks",
					"$(inherited)",
				);
				INFOPLIST_FILE = ObjC102Tests/Info.plist;
				LD_RUNPATH_SEARCH_PATHS = "$(inherited) @executable_path/Frameworks @loader_path/Frameworks";
				PRODUCT_NAME = "$(TARGET_NAME)";
				TEST_HOST = "$(BUILT_PRODUCTS_DIR)/ObjC102.app/ObjC102";
			};
			name = Release;
		};
/* End XCBuildConfiguration section */

/* Begin XCConfigurationList section */
		8E9A469019D492AE00093F38 /* Build configuration list for PBXProject "ObjC102" */ = {
			isa = XCConfigurationList;
			buildConfigurations = (
				8E9A46B619D492AE00093F38 /* Debug */,
				8E9A46B719D492AE00093F38 /* Release */,
			);
			defaultConfigurationIsVisible = 0;
			defaultConfigurationName = Release;
		};
		8E9A46B819D492AE00093F38 /* Build configuration list for PBXNativeTarget "ObjC102" */ = {
			isa = XCConfigurationList;
			buildConfigurations = (
				8E9A46B919D492AE00093F38 /* Debug */,
				8E9A46BA19D492AE00093F38 /* Release */,
			);
			defaultConfigurationIsVisible = 0;
		};
		8E9A46BB19D492AE00093F38 /* Build configuration list for PBXNativeTarget "ObjC102Tests" */ = {
			isa = XCConfigurationList;
			buildConfigurations = (
				8E9A46BC19D492AE00093F38 /* Debug */,
				8E9A46BD19D492AE00093F38 /* Release */,
			);
			defaultConfigurationIsVisible = 0;
		};
/* End XCConfigurationList section */
	};
	rootObject = 8E9A468D19D492AE00093F38 /* Project object */;
}
