// !$*UTF8*$!
{
	archiveVersion = 1;
	classes = {
	};
	objectVersion = 46;
	objects = {

/* Begin PBXBuildFile section */
		8E3034CE19C216FE0078040D /* AppDelegate.swift in Sources */ = {isa = PBXBuildFile; fileRef = 8E3034CD19C216FE0078040D /* AppDelegate.swift */; };
		8E3034D019C216FE0078040D /* ViewController.swift in Sources */ = {isa = PBXBuildFile; fileRef = 8E3034CF19C216FE0078040D /* ViewController.swift */; };
		8E3034D319C216FE0078040D /* Main.storyboard in Resources */ = {isa = PBXBuildFile; fileRef = 8E3034D119C216FE0078040D /* Main.storyboard */; };
		8E3034D519C216FE0078040D /* Images.xcassets in Resources */ = {isa = PBXBuildFile; fileRef = 8E3034D419C216FE0078040D /* Images.xcassets */; };
		8E3034D819C216FE0078040D /* LaunchScreen.xib in Resources */ = {isa = PBXBuildFile; fileRef = 8E3034D619C216FE0078040D /* LaunchScreen.xib */; };
		8E3034E419C216FE0078040D /* iOS_101Tests.swift in Sources */ = {isa = PBXBuildFile; fileRef = 8E3034E319C216FE0078040D /* iOS_101Tests.swift */; };
/* End PBXBuildFile section */

/* Begin PBXContainerItemProxy section */
		8E3034DE19C216FE0078040D /* PBXContainerItemProxy */ = {
			isa = PBXContainerItemProxy;
			containerPortal = 8E3034C019C216FE0078040D /* Project object */;
			proxyType = 1;
			remoteGlobalIDString = 8E3034C719C216FE0078040D;
			remoteInfo = "iOS 101";
		};
/* End PBXContainerItemProxy section */

/* Begin PBXFileReference section */
		8E3034C819C216FE0078040D /* iOS 101.app */ = {isa = PBXFileReference; explicitFileType = wrapper.application; includeInIndex = 0; path = "iOS 101.app"; sourceTree = BUILT_PRODUCTS_DIR; };
		8E3034CC19C216FE0078040D /* Info.plist */ = {isa = PBXFileReference; lastKnownFileType = text.plist.xml; path = Info.plist; sourceTree = "<group>"; };
		8E3034CD19C216FE0078040D /* AppDelegate.swift */ = {isa = PBXFileReference; lastKnownFileType = sourcecode.swift; path = AppDelegate.swift; sourceTree = "<group>"; };
		8E3034CF19C216FE0078040D /* ViewController.swift */ = {isa = PBXFileReference; lastKnownFileType = sourcecode.swift; path = ViewController.swift; sourceTree = "<group>"; };
		8E3034D219C216FE0078040D /* Base */ = {isa = PBXFileReference; lastKnownFileType = file.storyboard; name = Base; path = Base.lproj/Main.storyboard; sourceTree = "<group>"; };
		8E3034D419C216FE0078040D /* Images.xcassets */ = {isa = PBXFileReference; lastKnownFileType = folder.assetcatalog; path = Images.xcassets; sourceTree = "<group>"; };
		8E3034D719C216FE0078040D /* Base */ = {isa = PBXFileReference; lastKnownFileType = file.xib; name = Base; path = Base.lproj/LaunchScreen.xib; sourceTree = "<group>"; };
		8E3034DD19C216FE0078040D /* iOS 101Tests.xctest */ = {isa = PBXFileReference; explicitFileType = wrapper.cfbundle; includeInIndex = 0; path = "iOS 101Tests.xctest"; sourceTree = BUILT_PRODUCTS_DIR; };
		8E3034E219C216FE0078040D /* Info.plist */ = {isa = PBXFileReference; lastKnownFileType = text.plist.xml; path = Info.plist; sourceTree = "<group>"; };
		8E3034E319C216FE0078040D /* iOS_101Tests.swift */ = {isa = PBXFileReference; lastKnownFileType = sourcecode.swift; path = iOS_101Tests.swift; sourceTree = "<group>"; };
/* End PBXFileReference section */

/* Begin PBXFrameworksBuildPhase section */
		8E3034C519C216FE0078040D /* Frameworks */ = {
			isa = PBXFrameworksBuildPhase;
			buildActionMask = 2147483647;
			files = (
			);
			runOnlyForDeploymentPostprocessing = 0;
		};
		8E3034DA19C216FE0078040D /* Frameworks */ = {
			isa = PBXFrameworksBuildPhase;
			buildActionMask = 2147483647;
			files = (
			);
			runOnlyForDeploymentPostprocessing = 0;
		};
/* End PBXFrameworksBuildPhase section */

/* Begin PBXGroup section */
		8E3034BF19C216FE0078040D = {
			isa = PBXGroup;
			children = (
				8E3034CA19C216FE0078040D /* iOS 101 */,
				8E3034E019C216FE0078040D /* iOS 101Tests */,
				8E3034C919C216FE0078040D /* Products */,
			);
			sourceTree = "<group>";
		};
		8E3034C919C216FE0078040D /* Products */ = {
			isa = PBXGroup;
			children = (
				8E3034C819C216FE0078040D /* iOS 101.app */,
				8E3034DD19C216FE0078040D /* iOS 101Tests.xctest */,
			);
			name = Products;
			sourceTree = "<group>";
		};
		8E3034CA19C216FE0078040D /* iOS 101 */ = {
			isa = PBXGroup;
			children = (
				8E3034CD19C216FE0078040D /* AppDelegate.swift */,
				8E3034CF19C216FE0078040D /* ViewController.swift */,
				8E3034D119C216FE0078040D /* Main.storyboard */,
				8E3034D419C216FE0078040D /* Images.xcassets */,
				8E3034D619C216FE0078040D /* LaunchScreen.xib */,
				8E3034CB19C216FE0078040D /* Supporting Files */,
			);
			path = "iOS 101";
			sourceTree = "<group>";
		};
		8E3034CB19C216FE0078040D /* Supporting Files */ = {
			isa = PBXGroup;
			children = (
				8E3034CC19C216FE0078040D /* Info.plist */,
			);
			name = "Supporting Files";
			sourceTree = "<group>";
		};
		8E3034E019C216FE0078040D /* iOS 101Tests */ = {
			isa = PBXGroup;
			children = (
				8E3034E319C216FE0078040D /* iOS_101Tests.swift */,
				8E3034E119C216FE0078040D /* Supporting Files */,
			);
			path = "iOS 101Tests";
			sourceTree = "<group>";
		};
		8E3034E119C216FE0078040D /* Supporting Files */ = {
			isa = PBXGroup;
			children = (
				8E3034E219C216FE0078040D /* Info.plist */,
			);
			name = "Supporting Files";
			sourceTree = "<group>";
		};
/* End PBXGroup section */

/* Begin PBXNativeTarget section */
		8E3034C719C216FE0078040D /* iOS 101 */ = {
			isa = PBXNativeTarget;
			buildConfigurationList = 8E3034E719C216FE0078040D /* Build configuration list for PBXNativeTarget "iOS 101" */;
			buildPhases = (
				8E3034C419C216FE0078040D /* Sources */,
				8E3034C519C216FE0078040D /* Frameworks */,
				8E3034C619C216FE0078040D /* Resources */,
			);
			buildRules = (
			);
			dependencies = (
			);
			name = "iOS 101";
			productName = "iOS 101";
			productReference = 8E3034C819C216FE0078040D /* iOS 101.app */;
			productType = "com.apple.product-type.application";
		};
		8E3034DC19C216FE0078040D /* iOS 101Tests */ = {
			isa = PBXNativeTarget;
			buildConfigurationList = 8E3034EA19C216FE0078040D /* Build configuration list for PBXNativeTarget "iOS 101Tests" */;
			buildPhases = (
				8E3034D919C216FE0078040D /* Sources */,
				8E3034DA19C216FE0078040D /* Frameworks */,
				8E3034DB19C216FE0078040D /* Resources */,
			);
			buildRules = (
			);
			dependencies = (
				8E3034DF19C216FE0078040D /* PBXTargetDependency */,
			);
			name = "iOS 101Tests";
			productName = "iOS 101Tests";
			productReference = 8E3034DD19C216FE0078040D /* iOS 101Tests.xctest */;
			productType = "com.apple.product-type.bundle.unit-test";
		};
/* End PBXNativeTarget section */

/* Begin PBXProject section */
		8E3034C019C216FE0078040D /* Project object */ = {
			isa = PBXProject;
			attributes = {
				LastUpgradeCheck = 0600;
				ORGANIZATIONNAME = "Tyten LLC";
				TargetAttributes = {
					8E3034C719C216FE0078040D = {
						CreatedOnToolsVersion = 6.0;
					};
					8E3034DC19C216FE0078040D = {
						CreatedOnToolsVersion = 6.0;
						TestTargetID = 8E3034C719C216FE0078040D;
					};
				};
			};
			buildConfigurationList = 8E3034C319C216FE0078040D /* Build configuration list for PBXProject "iOS 101" */;
			compatibilityVersion = "Xcode 3.2";
			developmentRegion = English;
			hasScannedForEncodings = 0;
			knownRegions = (
				en,
				Base,
			);
			mainGroup = 8E3034BF19C216FE0078040D;
			productRefGroup = 8E3034C919C216FE0078040D /* Products */;
			projectDirPath = "";
			projectRoot = "";
			targets = (
				8E3034C719C216FE0078040D /* iOS 101 */,
				8E3034DC19C216FE0078040D /* iOS 101Tests */,
			);
		};
/* End PBXProject section */

/* Begin PBXResourcesBuildPhase section */
		8E3034C619C216FE0078040D /* Resources */ = {
			isa = PBXResourcesBuildPhase;
			buildActionMask = 2147483647;
			files = (
				8E3034D319C216FE0078040D /* Main.storyboard in Resources */,
				8E3034D819C216FE0078040D /* LaunchScreen.xib in Resources */,
				8E3034D519C216FE0078040D /* Images.xcassets in Resources */,
			);
			runOnlyForDeploymentPostprocessing = 0;
		};
		8E3034DB19C216FE0078040D /* Resources */ = {
			isa = PBXResourcesBuildPhase;
			buildActionMask = 2147483647;
			files = (
			);
			runOnlyForDeploymentPostprocessing = 0;
		};
/* End PBXResourcesBuildPhase section */

/* Begin PBXSourcesBuildPhase section */
		8E3034C419C216FE0078040D /* Sources */ = {
			isa = PBXSourcesBuildPhase;
			buildActionMask = 2147483647;
			files = (
				8E3034D019C216FE0078040D /* ViewController.swift in Sources */,
				8E3034CE19C216FE0078040D /* AppDelegate.swift in Sources */,
			);
			runOnlyForDeploymentPostprocessing = 0;
		};
		8E3034D919C216FE0078040D /* Sources */ = {
			isa = PBXSourcesBuildPhase;
			buildActionMask = 2147483647;
			files = (
				8E3034E419C216FE0078040D /* iOS_101Tests.swift in Sources */,
			);
			runOnlyForDeploymentPostprocessing = 0;
		};
/* End PBXSourcesBuildPhase section */

/* Begin PBXTargetDependency section */
		8E3034DF19C216FE0078040D /* PBXTargetDependency */ = {
			isa = PBXTargetDependency;
			target = 8E3034C719C216FE0078040D /* iOS 101 */;
			targetProxy = 8E3034DE19C216FE0078040D /* PBXContainerItemProxy */;
		};
/* End PBXTargetDependency section */

/* Begin PBXVariantGroup section */
		8E3034D119C216FE0078040D /* Main.storyboard */ = {
			isa = PBXVariantGroup;
			children = (
				8E3034D219C216FE0078040D /* Base */,
			);
			name = Main.storyboard;
			sourceTree = "<group>";
		};
		8E3034D619C216FE0078040D /* LaunchScreen.xib */ = {
			isa = PBXVariantGroup;
			children = (
				8E3034D719C216FE0078040D /* Base */,
			);
			name = LaunchScreen.xib;
			sourceTree = "<group>";
		};
/* End PBXVariantGroup section */

/* Begin XCBuildConfiguration section */
		8E3034E519C216FE0078040D /* Debug */ = {
			isa = XCBuildConfiguration;
			buildSettings = {
				ALWAYS_SEARCH_USER_PATHS = NO;
				CLANG_CXX_LANGUAGE_STANDARD = "gnu++0x";
				CLANG_CXX_LIBRARY = "libc++";
				CLANG_ENABLE_MODULES = YES;
				CLANG_ENABLE_OBJC_ARC = YES;
				CLANG_WARN_BOOL_CONVERSION = YES;
				CLANG_WARN_CONSTANT_CONVERSION = YES;
				CLANG_WARN_DIRECT_OBJC_ISA_USAGE = YES_ERROR;
				CLANG_WARN_EMPTY_BODY = YES;
				CLANG_WARN_ENUM_CONVERSION = YES;
				CLANG_WARN_INT_CONVERSION = YES;
				CLANG_WARN_OBJC_ROOT_CLASS = YES_ERROR;
				CLANG_WARN_UNREACHABLE_CODE = YES;
				CLANG_WARN__DUPLICATE_METHOD_MATCH = YES;
				"CODE_SIGN_IDENTITY[sdk=iphoneos*]" = "iPhone Developer";
				COPY_PHASE_STRIP = NO;
				ENABLE_STRICT_OBJC_MSGSEND = YES;
				GCC_C_LANGUAGE_STANDARD = gnu99;
				GCC_DYNAMIC_NO_PIC = NO;
				GCC_OPTIMIZATION_LEVEL = 0;
				GCC_PREPROCESSOR_DEFINITIONS = (
					"DEBUG=1",
					"$(inherited)",
				);
				GCC_SYMBOLS_PRIVATE_EXTERN = NO;
				GCC_WARN_64_TO_32_BIT_CONVERSION = YES;
				GCC_WARN_ABOUT_RETURN_TYPE = YES_ERROR;
				GCC_WARN_UNDECLARED_SELECTOR = YES;
				GCC_WARN_UNINITIALIZED_AUTOS = YES_AGGRESSIVE;
				GCC_WARN_UNUSED_FUNCTION = YES;
				GCC_WARN_UNUSED_VARIABLE = YES;
				IPHONEOS_DEPLOYMENT_TARGET = 8.0;
				MTL_ENABLE_DEBUG_INFO = YES;
				ONLY_ACTIVE_ARCH = YES;
				SDKROOT = iphoneos;
				SWIFT_OPTIMIZATION_LEVEL = "-Onone";
			};
			name = Debug;
		};
		8E3034E619C216FE0078040D /* Release */ = {
			isa = XCBuildConfiguration;
			buildSettings = {
				ALWAYS_SEARCH_USER_PATHS = NO;
				CLANG_CXX_LANGUAGE_STANDARD = "gnu++0x";
				CLANG_CXX_LIBRARY = "libc++";
				CLANG_ENABLE_MODULES = YES;
				CLANG_ENABLE_OBJC_ARC = YES;
				CLANG_WARN_BOOL_CONVERSION = YES;
				CLANG_WARN_CONSTANT_CONVERSION = YES;
				CLANG_WARN_DIRECT_OBJC_ISA_USAGE = YES_ERROR;
				CLANG_WARN_EMPTY_BODY = YES;
				CLANG_WARN_ENUM_CONVERSION = YES;
				CLANG_WARN_INT_CONVERSION = YES;
				CLANG_WARN_OBJC_ROOT_CLASS = YES_ERROR;
				CLANG_WARN_UNREACHABLE_CODE = YES;
				CLANG_WARN__DUPLICATE_METHOD_MATCH = YES;
				"CODE_SIGN_IDENTITY[sdk=iphoneos*]" = "iPhone Developer";
				COPY_PHASE_STRIP = YES;
				ENABLE_NS_ASSERTIONS = NO;
				ENABLE_STRICT_OBJC_MSGSEND = YES;
				GCC_C_LANGUAGE_STANDARD = gnu99;
				GCC_WARN_64_TO_32_BIT_CONVERSION = YES;
				GCC_WARN_ABOUT_RETURN_TYPE = YES_ERROR;
				GCC_WARN_UNDECLARED_SELECTOR = YES;
				GCC_WARN_UNINITIALIZED_AUTOS = YES_AGGRESSIVE;
				GCC_WARN_UNUSED_FUNCTION = YES;
				GCC_WARN_UNUSED_VARIABLE = YES;
				IPHONEOS_DEPLOYMENT_TARGET = 8.0;
				MTL_ENABLE_DEBUG_INFO = NO;
				SDKROOT = iphoneos;
				VALIDATE_PRODUCT = YES;
			};
			name = Release;
		};
		8E3034E819C216FE0078040D /* Debug */ = {
			isa = XCBuildConfiguration;
			buildSettings = {
				ASSETCATALOG_COMPILER_APPICON_NAME = AppIcon;
				INFOPLIST_FILE = "iOS 101/Info.plist";
				LD_RUNPATH_SEARCH_PATHS = "$(inherited) @executable_path/Frameworks";
				PRODUCT_NAME = "$(TARGET_NAME)";
			};
			name = Debug;
		};
		8E3034E919C216FE0078040D /* Release */ = {
			isa = XCBuildConfiguration;
			buildSettings = {
				ASSETCATALOG_COMPILER_APPICON_NAME = AppIcon;
				INFOPLIST_FILE = "iOS 101/Info.plist";
				LD_RUNPATH_SEARCH_PATHS = "$(inherited) @executable_path/Frameworks";
				PRODUCT_NAME = "$(TARGET_NAME)";
			};
			name = Release;
		};
		8E3034EB19C216FE0078040D /* Debug */ = {
			isa = XCBuildConfiguration;
			buildSettings = {
				BUNDLE_LOADER = "$(TEST_HOST)";
				FRAMEWORK_SEARCH_PATHS = (
					"$(SDKROOT)/Developer/Library/Frameworks",
					"$(inherited)",
				);
				GCC_PREPROCESSOR_DEFINITIONS = (
					"DEBUG=1",
					"$(inherited)",
				);
				INFOPLIST_FILE = "iOS 101Tests/Info.plist";
				LD_RUNPATH_SEARCH_PATHS = "$(inherited) @executable_path/Frameworks @loader_path/Frameworks";
				PRODUCT_NAME = "$(TARGET_NAME)";
				TEST_HOST = "$(BUILT_PRODUCTS_DIR)/iOS 101.app/iOS 101";
			};
			name = Debug;
		};
		8E3034EC19C216FE0078040D /* Release */ = {
			isa = XCBuildConfiguration;
			buildSettings = {
				BUNDLE_LOADER = "$(TEST_HOST)";
				FRAMEWORK_SEARCH_PATHS = (
					"$(SDKROOT)/Developer/Library/Frameworks",
					"$(inherited)",
				);
				INFOPLIST_FILE = "iOS 101Tests/Info.plist";
				LD_RUNPATH_SEARCH_PATHS = "$(inherited) @executable_path/Frameworks @loader_path/Frameworks";
				PRODUCT_NAME = "$(TARGET_NAME)";
				TEST_HOST = "$(BUILT_PRODUCTS_DIR)/iOS 101.app/iOS 101";
			};
			name = Release;
		};
/* End XCBuildConfiguration section */

/* Begin XCConfigurationList section */
		8E3034C319C216FE0078040D /* Build configuration list for PBXProject "iOS 101" */ = {
			isa = XCConfigurationList;
			buildConfigurations = (
				8E3034E519C216FE0078040D /* Debug */,
				8E3034E619C216FE0078040D /* Release */,
			);
			defaultConfigurationIsVisible = 0;
			defaultConfigurationName = Release;
		};
		8E3034E719C216FE0078040D /* Build configuration list for PBXNativeTarget "iOS 101" */ = {
			isa = XCConfigurationList;
			buildConfigurations = (
				8E3034E819C216FE0078040D /* Debug */,
				8E3034E919C216FE0078040D /* Release */,
			);
			defaultConfigurationIsVisible = 0;
		};
		8E3034EA19C216FE0078040D /* Build configuration list for PBXNativeTarget "iOS 101Tests" */ = {
			isa = XCConfigurationList;
			buildConfigurations = (
				8E3034EB19C216FE0078040D /* Debug */,
				8E3034EC19C216FE0078040D /* Release */,
			);
			defaultConfigurationIsVisible = 0;
		};
/* End XCConfigurationList section */
	};
	rootObject = 8E3034C019C216FE0078040D /* Project object */;
}
