// !$*UTF8*$!
{
	archiveVersion = 1;
	classes = {
	};
	objectVersion = 46;
	objects = {

/* Begin PBXBuildFile section */
		8ECE7B8419C8B3A4002449C4 /* AppDelegate.swift in Sources */ = {isa = PBXBuildFile; fileRef = 8ECE7B8319C8B3A4002449C4 /* AppDelegate.swift */; };
		8ECE7B8919C8B3A4002449C4 /* Main.storyboard in Resources */ = {isa = PBXBuildFile; fileRef = 8ECE7B8719C8B3A4002449C4 /* Main.storyboard */; };
		8ECE7B8B19C8B3A4002449C4 /* Images.xcassets in Resources */ = {isa = PBXBuildFile; fileRef = 8ECE7B8A19C8B3A4002449C4 /* Images.xcassets */; };
		8ECE7B8E19C8B3A4002449C4 /* LaunchScreen.xib in Resources */ = {isa = PBXBuildFile; fileRef = 8ECE7B8C19C8B3A4002449C4 /* LaunchScreen.xib */; };
		8ECE7B9A19C8B3A4002449C4 /* iOS_102Tests.swift in Sources */ = {isa = PBXBuildFile; fileRef = 8ECE7B9919C8B3A4002449C4 /* iOS_102Tests.swift */; };
		8ECE7BA419C8B7EC002449C4 /* GoldViewController.swift in Sources */ = {isa = PBXBuildFile; fileRef = 8ECE7BA319C8B7EC002449C4 /* GoldViewController.swift */; };
		8ECE7BA719C8B810002449C4 /* YellowViewController.swift in Sources */ = {isa = PBXBuildFile; fileRef = 8ECE7BA619C8B810002449C4 /* YellowViewController.swift */; };
/* End PBXBuildFile section */

/* Begin PBXContainerItemProxy section */
		8ECE7B9419C8B3A4002449C4 /* PBXContainerItemProxy */ = {
			isa = PBXContainerItemProxy;
			containerPortal = 8ECE7B7619C8B3A4002449C4 /* Project object */;
			proxyType = 1;
			remoteGlobalIDString = 8ECE7B7D19C8B3A4002449C4;
			remoteInfo = "iOS 102";
		};
/* End PBXContainerItemProxy section */

/* Begin PBXFileReference section */
		8ECE7B7E19C8B3A4002449C4 /* iOS 102.app */ = {isa = PBXFileReference; explicitFileType = wrapper.application; includeInIndex = 0; path = "iOS 102.app"; sourceTree = BUILT_PRODUCTS_DIR; };
		8ECE7B8219C8B3A4002449C4 /* Info.plist */ = {isa = PBXFileReference; lastKnownFileType = text.plist.xml; path = Info.plist; sourceTree = "<group>"; };
		8ECE7B8319C8B3A4002449C4 /* AppDelegate.swift */ = {isa = PBXFileReference; lastKnownFileType = sourcecode.swift; path = AppDelegate.swift; sourceTree = "<group>"; };
		8ECE7B8819C8B3A4002449C4 /* Base */ = {isa = PBXFileReference; lastKnownFileType = file.storyboard; name = Base; path = Base.lproj/Main.storyboard; sourceTree = "<group>"; };
		8ECE7B8A19C8B3A4002449C4 /* Images.xcassets */ = {isa = PBXFileReference; lastKnownFileType = folder.assetcatalog; path = Images.xcassets; sourceTree = "<group>"; };
		8ECE7B8D19C8B3A4002449C4 /* Base */ = {isa = PBXFileReference; lastKnownFileType = file.xib; name = Base; path = Base.lproj/LaunchScreen.xib; sourceTree = "<group>"; };
		8ECE7B9319C8B3A4002449C4 /* iOS 102Tests.xctest */ = {isa = PBXFileReference; explicitFileType = wrapper.cfbundle; includeInIndex = 0; path = "iOS 102Tests.xctest"; sourceTree = BUILT_PRODUCTS_DIR; };
		8ECE7B9819C8B3A4002449C4 /* Info.plist */ = {isa = PBXFileReference; lastKnownFileType = text.plist.xml; path = Info.plist; sourceTree = "<group>"; };
		8ECE7B9919C8B3A4002449C4 /* iOS_102Tests.swift */ = {isa = PBXFileReference; lastKnownFileType = sourcecode.swift; path = iOS_102Tests.swift; sourceTree = "<group>"; };
		8ECE7BA319C8B7EC002449C4 /* GoldViewController.swift */ = {isa = PBXFileReference; fileEncoding = 4; lastKnownFileType = sourcecode.swift; name = GoldViewController.swift; path = "View Controllers/GoldViewController.swift"; sourceTree = "<group>"; };
		8ECE7BA619C8B810002449C4 /* YellowViewController.swift */ = {isa = PBXFileReference; fileEncoding = 4; lastKnownFileType = sourcecode.swift; name = YellowViewController.swift; path = "View Controllers/YellowViewController.swift"; sourceTree = "<group>"; };
/* End PBXFileReference section */

/* Begin PBXFrameworksBuildPhase section */
		8ECE7B7B19C8B3A4002449C4 /* Frameworks */ = {
			isa = PBXFrameworksBuildPhase;
			buildActionMask = 2147483647;
			files = (
			);
			runOnlyForDeploymentPostprocessing = 0;
		};
		8ECE7B9019C8B3A4002449C4 /* Frameworks */ = {
			isa = PBXFrameworksBuildPhase;
			buildActionMask = 2147483647;
			files = (
			);
			runOnlyForDeploymentPostprocessing = 0;
		};
/* End PBXFrameworksBuildPhase section */

/* Begin PBXGroup section */
		8ECE7B7519C8B3A4002449C4 = {
			isa = PBXGroup;
			children = (
				8ECE7B8019C8B3A4002449C4 /* iOS 102 */,
				8ECE7B9619C8B3A4002449C4 /* iOS 102Tests */,
				8ECE7B7F19C8B3A4002449C4 /* Products */,
			);
			sourceTree = "<group>";
		};
		8ECE7B7F19C8B3A4002449C4 /* Products */ = {
			isa = PBXGroup;
			children = (
				8ECE7B7E19C8B3A4002449C4 /* iOS 102.app */,
				8ECE7B9319C8B3A4002449C4 /* iOS 102Tests.xctest */,
			);
			name = Products;
			sourceTree = "<group>";
		};
		8ECE7B8019C8B3A4002449C4 /* iOS 102 */ = {
			isa = PBXGroup;
			children = (
				8ECE7BA519C8B7F6002449C4 /* View Controllers */,
				8ECE7B8319C8B3A4002449C4 /* AppDelegate.swift */,
				8ECE7B8719C8B3A4002449C4 /* Main.storyboard */,
				8ECE7B8A19C8B3A4002449C4 /* Images.xcassets */,
				8ECE7B8C19C8B3A4002449C4 /* LaunchScreen.xib */,
				8ECE7B8119C8B3A4002449C4 /* Supporting Files */,
			);
			path = "iOS 102";
			sourceTree = "<group>";
		};
		8ECE7B8119C8B3A4002449C4 /* Supporting Files */ = {
			isa = PBXGroup;
			children = (
				8ECE7B8219C8B3A4002449C4 /* Info.plist */,
			);
			name = "Supporting Files";
			sourceTree = "<group>";
		};
		8ECE7B9619C8B3A4002449C4 /* iOS 102Tests */ = {
			isa = PBXGroup;
			children = (
				8ECE7B9919C8B3A4002449C4 /* iOS_102Tests.swift */,
				8ECE7B9719C8B3A4002449C4 /* Supporting Files */,
			);
			path = "iOS 102Tests";
			sourceTree = "<group>";
		};
		8ECE7B9719C8B3A4002449C4 /* Supporting Files */ = {
			isa = PBXGroup;
			children = (
				8ECE7B9819C8B3A4002449C4 /* Info.plist */,
			);
			name = "Supporting Files";
			sourceTree = "<group>";
		};
		8ECE7BA519C8B7F6002449C4 /* View Controllers */ = {
			isa = PBXGroup;
			children = (
				8ECE7BA319C8B7EC002449C4 /* GoldViewController.swift */,
				8ECE7BA619C8B810002449C4 /* YellowViewController.swift */,
			);
			name = "View Controllers";
			sourceTree = "<group>";
		};
/* End PBXGroup section */

/* Begin PBXNativeTarget section */
		8ECE7B7D19C8B3A4002449C4 /* iOS 102 */ = {
			isa = PBXNativeTarget;
			buildConfigurationList = 8ECE7B9D19C8B3A4002449C4 /* Build configuration list for PBXNativeTarget "iOS 102" */;
			buildPhases = (
				8ECE7B7A19C8B3A4002449C4 /* Sources */,
				8ECE7B7B19C8B3A4002449C4 /* Frameworks */,
				8ECE7B7C19C8B3A4002449C4 /* Resources */,
			);
			buildRules = (
			);
			dependencies = (
			);
			name = "iOS 102";
			productName = "iOS 102";
			productReference = 8ECE7B7E19C8B3A4002449C4 /* iOS 102.app */;
			productType = "com.apple.product-type.application";
		};
		8ECE7B9219C8B3A4002449C4 /* iOS 102Tests */ = {
			isa = PBXNativeTarget;
			buildConfigurationList = 8ECE7BA019C8B3A4002449C4 /* Build configuration list for PBXNativeTarget "iOS 102Tests" */;
			buildPhases = (
				8ECE7B8F19C8B3A4002449C4 /* Sources */,
				8ECE7B9019C8B3A4002449C4 /* Frameworks */,
				8ECE7B9119C8B3A4002449C4 /* Resources */,
			);
			buildRules = (
			);
			dependencies = (
				8ECE7B9519C8B3A4002449C4 /* PBXTargetDependency */,
			);
			name = "iOS 102Tests";
			productName = "iOS 102Tests";
			productReference = 8ECE7B9319C8B3A4002449C4 /* iOS 102Tests.xctest */;
			productType = "com.apple.product-type.bundle.unit-test";
		};
/* End PBXNativeTarget section */

/* Begin PBXProject section */
		8ECE7B7619C8B3A4002449C4 /* Project object */ = {
			isa = PBXProject;
			attributes = {
				LastUpgradeCheck = 0600;
				ORGANIZATIONNAME = "Tyten LLC";
				TargetAttributes = {
					8ECE7B7D19C8B3A4002449C4 = {
						CreatedOnToolsVersion = 6.0;
					};
					8ECE7B9219C8B3A4002449C4 = {
						CreatedOnToolsVersion = 6.0;
						TestTargetID = 8ECE7B7D19C8B3A4002449C4;
					};
				};
			};
			buildConfigurationList = 8ECE7B7919C8B3A4002449C4 /* Build configuration list for PBXProject "iOS 102" */;
			compatibilityVersion = "Xcode 3.2";
			developmentRegion = English;
			hasScannedForEncodings = 0;
			knownRegions = (
				en,
				Base,
			);
			mainGroup = 8ECE7B7519C8B3A4002449C4;
			productRefGroup = 8ECE7B7F19C8B3A4002449C4 /* Products */;
			projectDirPath = "";
			projectRoot = "";
			targets = (
				8ECE7B7D19C8B3A4002449C4 /* iOS 102 */,
				8ECE7B9219C8B3A4002449C4 /* iOS 102Tests */,
			);
		};
/* End PBXProject section */

/* Begin PBXResourcesBuildPhase section */
		8ECE7B7C19C8B3A4002449C4 /* Resources */ = {
			isa = PBXResourcesBuildPhase;
			buildActionMask = 2147483647;
			files = (
				8ECE7B8919C8B3A4002449C4 /* Main.storyboard in Resources */,
				8ECE7B8E19C8B3A4002449C4 /* LaunchScreen.xib in Resources */,
				8ECE7B8B19C8B3A4002449C4 /* Images.xcassets in Resources */,
			);
			runOnlyForDeploymentPostprocessing = 0;
		};
		8ECE7B9119C8B3A4002449C4 /* Resources */ = {
			isa = PBXResourcesBuildPhase;
			buildActionMask = 2147483647;
			files = (
			);
			runOnlyForDeploymentPostprocessing = 0;
		};
/* End PBXResourcesBuildPhase section */

/* Begin PBXSourcesBuildPhase section */
		8ECE7B7A19C8B3A4002449C4 /* Sources */ = {
			isa = PBXSourcesBuildPhase;
			buildActionMask = 2147483647;
			files = (
				8ECE7BA419C8B7EC002449C4 /* GoldViewController.swift in Sources */,
				8ECE7BA719C8B810002449C4 /* YellowViewController.swift in Sources */,
				8ECE7B8419C8B3A4002449C4 /* AppDelegate.swift in Sources */,
			);
			runOnlyForDeploymentPostprocessing = 0;
		};
		8ECE7B8F19C8B3A4002449C4 /* Sources */ = {
			isa = PBXSourcesBuildPhase;
			buildActionMask = 2147483647;
			files = (
				8ECE7B9A19C8B3A4002449C4 /* iOS_102Tests.swift in Sources */,
			);
			runOnlyForDeploymentPostprocessing = 0;
		};
/* End PBXSourcesBuildPhase section */

/* Begin PBXTargetDependency section */
		8ECE7B9519C8B3A4002449C4 /* PBXTargetDependency */ = {
			isa = PBXTargetDependency;
			target = 8ECE7B7D19C8B3A4002449C4 /* iOS 102 */;
			targetProxy = 8ECE7B9419C8B3A4002449C4 /* PBXContainerItemProxy */;
		};
/* End PBXTargetDependency section */

/* Begin PBXVariantGroup section */
		8ECE7B8719C8B3A4002449C4 /* Main.storyboard */ = {
			isa = PBXVariantGroup;
			children = (
				8ECE7B8819C8B3A4002449C4 /* Base */,
			);
			name = Main.storyboard;
			sourceTree = "<group>";
		};
		8ECE7B8C19C8B3A4002449C4 /* LaunchScreen.xib */ = {
			isa = PBXVariantGroup;
			children = (
				8ECE7B8D19C8B3A4002449C4 /* Base */,
			);
			name = LaunchScreen.xib;
			sourceTree = "<group>";
		};
/* End PBXVariantGroup section */

/* Begin XCBuildConfiguration section */
		8ECE7B9B19C8B3A4002449C4 /* Debug */ = {
			isa = XCBuildConfiguration;
			buildSettings = {
				ALWAYS_SEARCH_USER_PATHS = NO;
				CLANG_CXX_LANGUAGE_STANDARD = "gnu++0x";
				CLANG_CXX_LIBRARY = "libc++";
				CLANG_ENABLE_MODULES = YES;
				CLANG_ENABLE_OBJC_ARC = YES;
				CLANG_WARN_BOOL_CONVERSION = YES;
				CLANG_WARN_CONSTANT_CONVERSION = YES;
				CLANG_WARN_DIRECT_OBJC_ISA_USAGE = YES_ERROR;
				CLANG_WARN_EMPTY_BODY = YES;
				CLANG_WARN_ENUM_CONVERSION = YES;
				CLANG_WARN_INT_CONVERSION = YES;
				CLANG_WARN_OBJC_ROOT_CLASS = YES_ERROR;
				CLANG_WARN_UNREACHABLE_CODE = YES;
				CLANG_WARN__DUPLICATE_METHOD_MATCH = YES;
				"CODE_SIGN_IDENTITY[sdk=iphoneos*]" = "iPhone Developer";
				COPY_PHASE_STRIP = NO;
				ENABLE_STRICT_OBJC_MSGSEND = YES;
				GCC_C_LANGUAGE_STANDARD = gnu99;
				GCC_DYNAMIC_NO_PIC = NO;
				GCC_OPTIMIZATION_LEVEL = 0;
				GCC_PREPROCESSOR_DEFINITIONS = (
					"DEBUG=1",
					"$(inherited)",
				);
				GCC_SYMBOLS_PRIVATE_EXTERN = NO;
				GCC_WARN_64_TO_32_BIT_CONVERSION = YES;
				GCC_WARN_ABOUT_RETURN_TYPE = YES_ERROR;
				GCC_WARN_UNDECLARED_SELECTOR = YES;
				GCC_WARN_UNINITIALIZED_AUTOS = YES_AGGRESSIVE;
				GCC_WARN_UNUSED_FUNCTION = YES;
				GCC_WARN_UNUSED_VARIABLE = YES;
				IPHONEOS_DEPLOYMENT_TARGET = 8.0;
				MTL_ENABLE_DEBUG_INFO = YES;
				ONLY_ACTIVE_ARCH = YES;
				SDKROOT = iphoneos;
				SWIFT_OPTIMIZATION_LEVEL = "-Onone";
			};
			name = Debug;
		};
		8ECE7B9C19C8B3A4002449C4 /* Release */ = {
			isa = XCBuildConfiguration;
			buildSettings = {
				ALWAYS_SEARCH_USER_PATHS = NO;
				CLANG_CXX_LANGUAGE_STANDARD = "gnu++0x";
				CLANG_CXX_LIBRARY = "libc++";
				CLANG_ENABLE_MODULES = YES;
				CLANG_ENABLE_OBJC_ARC = YES;
				CLANG_WARN_BOOL_CONVERSION = YES;
				CLANG_WARN_CONSTANT_CONVERSION = YES;
				CLANG_WARN_DIRECT_OBJC_ISA_USAGE = YES_ERROR;
				CLANG_WARN_EMPTY_BODY = YES;
				CLANG_WARN_ENUM_CONVERSION = YES;
				CLANG_WARN_INT_CONVERSION = YES;
				CLANG_WARN_OBJC_ROOT_CLASS = YES_ERROR;
				CLANG_WARN_UNREACHABLE_CODE = YES;
				CLANG_WARN__DUPLICATE_METHOD_MATCH = YES;
				"CODE_SIGN_IDENTITY[sdk=iphoneos*]" = "iPhone Developer";
				COPY_PHASE_STRIP = YES;
				ENABLE_NS_ASSERTIONS = NO;
				ENABLE_STRICT_OBJC_MSGSEND = YES;
				GCC_C_LANGUAGE_STANDARD = gnu99;
				GCC_WARN_64_TO_32_BIT_CONVERSION = YES;
				GCC_WARN_ABOUT_RETURN_TYPE = YES_ERROR;
				GCC_WARN_UNDECLARED_SELECTOR = YES;
				GCC_WARN_UNINITIALIZED_AUTOS = YES_AGGRESSIVE;
				GCC_WARN_UNUSED_FUNCTION = YES;
				GCC_WARN_UNUSED_VARIABLE = YES;
				IPHONEOS_DEPLOYMENT_TARGET = 8.0;
				MTL_ENABLE_DEBUG_INFO = NO;
				SDKROOT = iphoneos;
				VALIDATE_PRODUCT = YES;
			};
			name = Release;
		};
		8ECE7B9E19C8B3A4002449C4 /* Debug */ = {
			isa = XCBuildConfiguration;
			buildSettings = {
				ASSETCATALOG_COMPILER_APPICON_NAME = AppIcon;
				INFOPLIST_FILE = "iOS 102/Info.plist";
				LD_RUNPATH_SEARCH_PATHS = "$(inherited) @executable_path/Frameworks";
				PRODUCT_NAME = "$(TARGET_NAME)";
			};
			name = Debug;
		};
		8ECE7B9F19C8B3A4002449C4 /* Release */ = {
			isa = XCBuildConfiguration;
			buildSettings = {
				ASSETCATALOG_COMPILER_APPICON_NAME = AppIcon;
				INFOPLIST_FILE = "iOS 102/Info.plist";
				LD_RUNPATH_SEARCH_PATHS = "$(inherited) @executable_path/Frameworks";
				PRODUCT_NAME = "$(TARGET_NAME)";
			};
			name = Release;
		};
		8ECE7BA119C8B3A4002449C4 /* Debug */ = {
			isa = XCBuildConfiguration;
			buildSettings = {
				BUNDLE_LOADER = "$(TEST_HOST)";
				FRAMEWORK_SEARCH_PATHS = (
					"$(SDKROOT)/Developer/Library/Frameworks",
					"$(inherited)",
				);
				GCC_PREPROCESSOR_DEFINITIONS = (
					"DEBUG=1",
					"$(inherited)",
				);
				INFOPLIST_FILE = "iOS 102Tests/Info.plist";
				LD_RUNPATH_SEARCH_PATHS = "$(inherited) @executable_path/Frameworks @loader_path/Frameworks";
				PRODUCT_NAME = "$(TARGET_NAME)";
				TEST_HOST = "$(BUILT_PRODUCTS_DIR)/iOS 102.app/iOS 102";
			};
			name = Debug;
		};
		8ECE7BA219C8B3A4002449C4 /* Release */ = {
			isa = XCBuildConfiguration;
			buildSettings = {
				BUNDLE_LOADER = "$(TEST_HOST)";
				FRAMEWORK_SEARCH_PATHS = (
					"$(SDKROOT)/Developer/Library/Frameworks",
					"$(inherited)",
				);
				INFOPLIST_FILE = "iOS 102Tests/Info.plist";
				LD_RUNPATH_SEARCH_PATHS = "$(inherited) @executable_path/Frameworks @loader_path/Frameworks";
				PRODUCT_NAME = "$(TARGET_NAME)";
				TEST_HOST = "$(BUILT_PRODUCTS_DIR)/iOS 102.app/iOS 102";
			};
			name = Release;
		};
/* End XCBuildConfiguration section */

/* Begin XCConfigurationList section */
		8ECE7B7919C8B3A4002449C4 /* Build configuration list for PBXProject "iOS 102" */ = {
			isa = XCConfigurationList;
			buildConfigurations = (
				8ECE7B9B19C8B3A4002449C4 /* Debug */,
				8ECE7B9C19C8B3A4002449C4 /* Release */,
			);
			defaultConfigurationIsVisible = 0;
			defaultConfigurationName = Release;
		};
		8ECE7B9D19C8B3A4002449C4 /* Build configuration list for PBXNativeTarget "iOS 102" */ = {
			isa = XCConfigurationList;
			buildConfigurations = (
				8ECE7B9E19C8B3A4002449C4 /* Debug */,
				8ECE7B9F19C8B3A4002449C4 /* Release */,
			);
			defaultConfigurationIsVisible = 0;
		};
		8ECE7BA019C8B3A4002449C4 /* Build configuration list for PBXNativeTarget "iOS 102Tests" */ = {
			isa = XCConfigurationList;
			buildConfigurations = (
				8ECE7BA119C8B3A4002449C4 /* Debug */,
				8ECE7BA219C8B3A4002449C4 /* Release */,
			);
			defaultConfigurationIsVisible = 0;
		};
/* End XCConfigurationList section */
	};
	rootObject = 8ECE7B7619C8B3A4002449C4 /* Project object */;
}
